// !$*UTF8*$!
{
	archiveVersion = 1;
	classes = {
	};
	objectVersion = 46;
	objects = {

/* Begin PBXBuildFile section */
		7168DF9F2C8B2E9D97DCDC9E /* libPods-ApiConsumer.a in Frameworks */ = {isa = PBXBuildFile; fileRef = 07EC0D491DBE5B2E7352B165 /* libPods-ApiConsumer.a */; };
		815C49E01BE003AE00CBCF8E /* ApiConsumerTests.m in Sources */ = {isa = PBXBuildFile; fileRef = 815C49DF1BE003AE00CBCF8E /* ApiConsumerTests.m */; };
		815C49EB1BE003AE00CBCF8E /* ApiConsumerUITests.m in Sources */ = {isa = PBXBuildFile; fileRef = 815C49EA1BE003AE00CBCF8E /* ApiConsumerUITests.m */; };
		815C4A071BE003D800CBCF8E /* AppDelegate.m in Sources */ = {isa = PBXBuildFile; fileRef = 815C49FA1BE003D800CBCF8E /* AppDelegate.m */; };
		815C4A091BE003D800CBCF8E /* Assets.xcassets in Resources */ = {isa = PBXBuildFile; fileRef = 815C49FF1BE003D800CBCF8E /* Assets.xcassets */; };
		815C4A0A1BE003D800CBCF8E /* LaunchScreen.storyboard in Resources */ = {isa = PBXBuildFile; fileRef = 815C4A001BE003D800CBCF8E /* LaunchScreen.storyboard */; };
		815C4A0B1BE003D800CBCF8E /* Main.storyboard in Resources */ = {isa = PBXBuildFile; fileRef = 815C4A021BE003D800CBCF8E /* Main.storyboard */; };
		815C4A0D1BE003D800CBCF8E /* main.m in Sources */ = {isa = PBXBuildFile; fileRef = 815C4A061BE003D800CBCF8E /* main.m */; };
		815C4A101BE007CA00CBCF8E /* IndexTableViewController.m in Sources */ = {isa = PBXBuildFile; fileRef = 815C4A0F1BE007CA00CBCF8E /* IndexTableViewController.m */; };
		815C4A151BE0095E00CBCF8E /* PostsTableViewCell.m in Sources */ = {isa = PBXBuildFile; fileRef = 815C4A141BE0095E00CBCF8E /* PostsTableViewCell.m */; };
/* End PBXBuildFile section */

/* Begin PBXContainerItemProxy section */
		815C49DC1BE003AE00CBCF8E /* PBXContainerItemProxy */ = {
			isa = PBXContainerItemProxy;
			containerPortal = 815C49BA1BE003AE00CBCF8E /* Project object */;
			proxyType = 1;
			remoteGlobalIDString = 815C49C11BE003AE00CBCF8E;
			remoteInfo = ApiConsumer;
		};
		815C49E71BE003AE00CBCF8E /* PBXContainerItemProxy */ = {
			isa = PBXContainerItemProxy;
			containerPortal = 815C49BA1BE003AE00CBCF8E /* Project object */;
			proxyType = 1;
			remoteGlobalIDString = 815C49C11BE003AE00CBCF8E;
			remoteInfo = ApiConsumer;
		};
/* End PBXContainerItemProxy section */

/* Begin PBXFileReference section */
		011286434CBABC35EEC892A9 /* Pods-ApiConsumer.debug.xcconfig */ = {isa = PBXFileReference; includeInIndex = 1; lastKnownFileType = text.xcconfig; name = "Pods-ApiConsumer.debug.xcconfig"; path = "Pods/Target Support Files/Pods-ApiConsumer/Pods-ApiConsumer.debug.xcconfig"; sourceTree = "<group>"; };
		07EC0D491DBE5B2E7352B165 /* libPods-ApiConsumer.a */ = {isa = PBXFileReference; explicitFileType = archive.ar; includeInIndex = 0; path = "libPods-ApiConsumer.a"; sourceTree = BUILT_PRODUCTS_DIR; };
		815C49C21BE003AE00CBCF8E /* ApiConsumer.app */ = {isa = PBXFileReference; explicitFileType = wrapper.application; includeInIndex = 0; path = ApiConsumer.app; sourceTree = BUILT_PRODUCTS_DIR; };
		815C49DB1BE003AE00CBCF8E /* ApiConsumerTests.xctest */ = {isa = PBXFileReference; explicitFileType = wrapper.cfbundle; includeInIndex = 0; path = ApiConsumerTests.xctest; sourceTree = BUILT_PRODUCTS_DIR; };
		815C49DF1BE003AE00CBCF8E /* ApiConsumerTests.m */ = {isa = PBXFileReference; lastKnownFileType = sourcecode.c.objc; path = ApiConsumerTests.m; sourceTree = "<group>"; };
		815C49E11BE003AE00CBCF8E /* Info.plist */ = {isa = PBXFileReference; lastKnownFileType = text.plist.xml; path = Info.plist; sourceTree = "<group>"; };
		815C49E61BE003AE00CBCF8E /* ApiConsumerUITests.xctest */ = {isa = PBXFileReference; explicitFileType = wrapper.cfbundle; includeInIndex = 0; path = ApiConsumerUITests.xctest; sourceTree = BUILT_PRODUCTS_DIR; };
		815C49EA1BE003AE00CBCF8E /* ApiConsumerUITests.m */ = {isa = PBXFileReference; lastKnownFileType = sourcecode.c.objc; path = ApiConsumerUITests.m; sourceTree = "<group>"; };
		815C49EC1BE003AE00CBCF8E /* Info.plist */ = {isa = PBXFileReference; lastKnownFileType = text.plist.xml; path = Info.plist; sourceTree = "<group>"; };
		815C49F91BE003D800CBCF8E /* AppDelegate.h */ = {isa = PBXFileReference; fileEncoding = 4; lastKnownFileType = sourcecode.c.h; path = AppDelegate.h; sourceTree = "<group>"; };
		815C49FA1BE003D800CBCF8E /* AppDelegate.m */ = {isa = PBXFileReference; fileEncoding = 4; lastKnownFileType = sourcecode.c.objc; path = AppDelegate.m; sourceTree = "<group>"; };
		815C49FF1BE003D800CBCF8E /* Assets.xcassets */ = {isa = PBXFileReference; lastKnownFileType = folder.assetcatalog; path = Assets.xcassets; sourceTree = "<group>"; };
		815C4A011BE003D800CBCF8E /* Base */ = {isa = PBXFileReference; lastKnownFileType = file.storyboard; name = Base; path = Base.lproj/LaunchScreen.storyboard; sourceTree = "<group>"; };
		815C4A031BE003D800CBCF8E /* Base */ = {isa = PBXFileReference; lastKnownFileType = file.storyboard; name = Base; path = Base.lproj/Main.storyboard; sourceTree = "<group>"; };
		815C4A051BE003D800CBCF8E /* Info.plist */ = {isa = PBXFileReference; fileEncoding = 4; lastKnownFileType = text.plist.xml; path = Info.plist; sourceTree = "<group>"; };
		815C4A061BE003D800CBCF8E /* main.m */ = {isa = PBXFileReference; fileEncoding = 4; lastKnownFileType = sourcecode.c.objc; path = main.m; sourceTree = "<group>"; };
		815C4A0E1BE007CA00CBCF8E /* IndexTableViewController.h */ = {isa = PBXFileReference; fileEncoding = 4; lastKnownFileType = sourcecode.c.h; path = IndexTableViewController.h; sourceTree = "<group>"; };
		815C4A0F1BE007CA00CBCF8E /* IndexTableViewController.m */ = {isa = PBXFileReference; fileEncoding = 4; lastKnownFileType = sourcecode.c.objc; path = IndexTableViewController.m; sourceTree = "<group>"; };
		815C4A131BE0095E00CBCF8E /* PostsTableViewCell.h */ = {isa = PBXFileReference; fileEncoding = 4; lastKnownFileType = sourcecode.c.h; path = PostsTableViewCell.h; sourceTree = "<group>"; };
		815C4A141BE0095E00CBCF8E /* PostsTableViewCell.m */ = {isa = PBXFileReference; fileEncoding = 4; lastKnownFileType = sourcecode.c.objc; path = PostsTableViewCell.m; sourceTree = "<group>"; };
		A6E2E3E04E557CB0CA27F6A9 /* Pods-ApiConsumer.release.xcconfig */ = {isa = PBXFileReference; includeInIndex = 1; lastKnownFileType = text.xcconfig; name = "Pods-ApiConsumer.release.xcconfig"; path = "Pods/Target Support Files/Pods-ApiConsumer/Pods-ApiConsumer.release.xcconfig"; sourceTree = "<group>"; };
/* End PBXFileReference section */

/* Begin PBXFrameworksBuildPhase section */
		815C49BF1BE003AE00CBCF8E /* Frameworks */ = {
			isa = PBXFrameworksBuildPhase;
			buildActionMask = 2147483647;
			files = (
				7168DF9F2C8B2E9D97DCDC9E /* libPods-ApiConsumer.a in Frameworks */,
			);
			runOnlyForDeploymentPostprocessing = 0;
		};
		815C49D81BE003AE00CBCF8E /* Frameworks */ = {
			isa = PBXFrameworksBuildPhase;
			buildActionMask = 2147483647;
			files = (
			);
			runOnlyForDeploymentPostprocessing = 0;
		};
		815C49E31BE003AE00CBCF8E /* Frameworks */ = {
			isa = PBXFrameworksBuildPhase;
			buildActionMask = 2147483647;
			files = (
			);
			runOnlyForDeploymentPostprocessing = 0;
		};
/* End PBXFrameworksBuildPhase section */

/* Begin PBXGroup section */
		67394CF48D4D0DA65B7694E9 /* Frameworks */ = {
			isa = PBXGroup;
			children = (
				07EC0D491DBE5B2E7352B165 /* libPods-ApiConsumer.a */,
			);
			name = Frameworks;
			sourceTree = "<group>";
		};
		815C49B91BE003AE00CBCF8E = {
			isa = PBXGroup;
			children = (
				815C49C41BE003AE00CBCF8E /* ApiConsumer */,
				815C49DE1BE003AE00CBCF8E /* ApiConsumerTests */,
				815C49E91BE003AE00CBCF8E /* ApiConsumerUITests */,
				815C49C31BE003AE00CBCF8E /* Products */,
				E2389AF708F90A722005C841 /* Pods */,
				67394CF48D4D0DA65B7694E9 /* Frameworks */,
			);
			sourceTree = "<group>";
		};
		815C49C31BE003AE00CBCF8E /* Products */ = {
			isa = PBXGroup;
			children = (
				815C49C21BE003AE00CBCF8E /* ApiConsumer.app */,
				815C49DB1BE003AE00CBCF8E /* ApiConsumerTests.xctest */,
				815C49E61BE003AE00CBCF8E /* ApiConsumerUITests.xctest */,
			);
			name = Products;
			sourceTree = "<group>";
		};
		815C49C41BE003AE00CBCF8E /* ApiConsumer */ = {
			isa = PBXGroup;
			children = (
				815C4A111BE0093700CBCF8E /* Models */,
				815C4A121BE0093700CBCF8E /* Views */,
				815C49F81BE003D800CBCF8E /* AppDelegate */,
				815C49FB1BE003D800CBCF8E /* Controllers */,
				815C49FE1BE003D800CBCF8E /* Resources */,
				815C4A041BE003D800CBCF8E /* Supporting Files */,
			);
			path = ApiConsumer;
			sourceTree = "<group>";
		};
		815C49DE1BE003AE00CBCF8E /* ApiConsumerTests */ = {
			isa = PBXGroup;
			children = (
				815C49DF1BE003AE00CBCF8E /* ApiConsumerTests.m */,
				815C49E11BE003AE00CBCF8E /* Info.plist */,
			);
			path = ApiConsumerTests;
			sourceTree = "<group>";
		};
		815C49E91BE003AE00CBCF8E /* ApiConsumerUITests */ = {
			isa = PBXGroup;
			children = (
				815C49EA1BE003AE00CBCF8E /* ApiConsumerUITests.m */,
				815C49EC1BE003AE00CBCF8E /* Info.plist */,
			);
			path = ApiConsumerUITests;
			sourceTree = "<group>";
		};
		815C49F81BE003D800CBCF8E /* AppDelegate */ = {
			isa = PBXGroup;
			children = (
				815C49F91BE003D800CBCF8E /* AppDelegate.h */,
				815C49FA1BE003D800CBCF8E /* AppDelegate.m */,
			);
			path = AppDelegate;
			sourceTree = "<group>";
		};
		815C49FB1BE003D800CBCF8E /* Controllers */ = {
			isa = PBXGroup;
			children = (
				815C4A0E1BE007CA00CBCF8E /* IndexTableViewController.h */,
				815C4A0F1BE007CA00CBCF8E /* IndexTableViewController.m */,
			);
			path = Controllers;
			sourceTree = "<group>";
		};
		815C49FE1BE003D800CBCF8E /* Resources */ = {
			isa = PBXGroup;
			children = (
				815C49FF1BE003D800CBCF8E /* Assets.xcassets */,
				815C4A001BE003D800CBCF8E /* LaunchScreen.storyboard */,
				815C4A021BE003D800CBCF8E /* Main.storyboard */,
			);
			path = Resources;
			sourceTree = "<group>";
		};
		815C4A041BE003D800CBCF8E /* Supporting Files */ = {
			isa = PBXGroup;
			children = (
				815C4A051BE003D800CBCF8E /* Info.plist */,
				815C4A061BE003D800CBCF8E /* main.m */,
			);
			path = "Supporting Files";
			sourceTree = "<group>";
		};
		815C4A111BE0093700CBCF8E /* Models */ = {
			isa = PBXGroup;
			children = (
			);
			path = Models;
			sourceTree = "<group>";
		};
		815C4A121BE0093700CBCF8E /* Views */ = {
			isa = PBXGroup;
			children = (
				815C4A131BE0095E00CBCF8E /* PostsTableViewCell.h */,
				815C4A141BE0095E00CBCF8E /* PostsTableViewCell.m */,
			);
			path = Views;
			sourceTree = "<group>";
		};
		E2389AF708F90A722005C841 /* Pods */ = {
			isa = PBXGroup;
			children = (
				011286434CBABC35EEC892A9 /* Pods-ApiConsumer.debug.xcconfig */,
				A6E2E3E04E557CB0CA27F6A9 /* Pods-ApiConsumer.release.xcconfig */,
			);
			name = Pods;
			sourceTree = "<group>";
		};
/* End PBXGroup section */

/* Begin PBXNativeTarget section */
		815C49C11BE003AE00CBCF8E /* ApiConsumer */ = {
			isa = PBXNativeTarget;
			buildConfigurationList = 815C49EF1BE003AE00CBCF8E /* Build configuration list for PBXNativeTarget "ApiConsumer" */;
			buildPhases = (
				B533164A1875F016485EF1ED /* Check Pods Manifest.lock */,
				815C49BE1BE003AE00CBCF8E /* Sources */,
				815C49BF1BE003AE00CBCF8E /* Frameworks */,
				815C49C01BE003AE00CBCF8E /* Resources */,
				D9D73E2E4E8B6CF030F3B6F2 /* Embed Pods Frameworks */,
				A3B25ED19B4533841956E56C /* Copy Pods Resources */,
			);
			buildRules = (
			);
			dependencies = (
			);
			name = ApiConsumer;
			productName = ApiConsumer;
			productReference = 815C49C21BE003AE00CBCF8E /* ApiConsumer.app */;
			productType = "com.apple.product-type.application";
		};
		815C49DA1BE003AE00CBCF8E /* ApiConsumerTests */ = {
			isa = PBXNativeTarget;
			buildConfigurationList = 815C49F21BE003AE00CBCF8E /* Build configuration list for PBXNativeTarget "ApiConsumerTests" */;
			buildPhases = (
				815C49D71BE003AE00CBCF8E /* Sources */,
				815C49D81BE003AE00CBCF8E /* Frameworks */,
				815C49D91BE003AE00CBCF8E /* Resources */,
			);
			buildRules = (
			);
			dependencies = (
				815C49DD1BE003AE00CBCF8E /* PBXTargetDependency */,
			);
			name = ApiConsumerTests;
			productName = ApiConsumerTests;
			productReference = 815C49DB1BE003AE00CBCF8E /* ApiConsumerTests.xctest */;
			productType = "com.apple.product-type.bundle.unit-test";
		};
		815C49E51BE003AE00CBCF8E /* ApiConsumerUITests */ = {
			isa = PBXNativeTarget;
			buildConfigurationList = 815C49F51BE003AE00CBCF8E /* Build configuration list for PBXNativeTarget "ApiConsumerUITests" */;
			buildPhases = (
				815C49E21BE003AE00CBCF8E /* Sources */,
				815C49E31BE003AE00CBCF8E /* Frameworks */,
				815C49E41BE003AE00CBCF8E /* Resources */,
			);
			buildRules = (
			);
			dependencies = (
				815C49E81BE003AE00CBCF8E /* PBXTargetDependency */,
			);
			name = ApiConsumerUITests;
			productName = ApiConsumerUITests;
			productReference = 815C49E61BE003AE00CBCF8E /* ApiConsumerUITests.xctest */;
			productType = "com.apple.product-type.bundle.ui-testing";
		};
/* End PBXNativeTarget section */

/* Begin PBXProject section */
		815C49BA1BE003AE00CBCF8E /* Project object */ = {
			isa = PBXProject;
			attributes = {
				LastUpgradeCheck = 0710;
				ORGANIZATIONNAME = "Treinamento Mobile";
				TargetAttributes = {
					815C49C11BE003AE00CBCF8E = {
						CreatedOnToolsVersion = 7.1;
						DevelopmentTeam = 2M74K22ZP7;
					};
					815C49DA1BE003AE00CBCF8E = {
						CreatedOnToolsVersion = 7.1;
						DevelopmentTeam = 2M74K22ZP7;
						TestTargetID = 815C49C11BE003AE00CBCF8E;
					};
					815C49E51BE003AE00CBCF8E = {
						CreatedOnToolsVersion = 7.1;
						DevelopmentTeam = 2M74K22ZP7;
						TestTargetID = 815C49C11BE003AE00CBCF8E;
					};
				};
			};
			buildConfigurationList = 815C49BD1BE003AE00CBCF8E /* Build configuration list for PBXProject "ApiConsumer" */;
			compatibilityVersion = "Xcode 3.2";
			developmentRegion = English;
			hasScannedForEncodings = 0;
			knownRegions = (
				en,
				Base,
			);
			mainGroup = 815C49B91BE003AE00CBCF8E;
			productRefGroup = 815C49C31BE003AE00CBCF8E /* Products */;
			projectDirPath = "";
			projectRoot = "";
			targets = (
				815C49C11BE003AE00CBCF8E /* ApiConsumer */,
				815C49DA1BE003AE00CBCF8E /* ApiConsumerTests */,
				815C49E51BE003AE00CBCF8E /* ApiConsumerUITests */,
			);
		};
/* End PBXProject section */

/* Begin PBXResourcesBuildPhase section */
		815C49C01BE003AE00CBCF8E /* Resources */ = {
			isa = PBXResourcesBuildPhase;
			buildActionMask = 2147483647;
			files = (
				815C4A091BE003D800CBCF8E /* Assets.xcassets in Resources */,
				815C4A0B1BE003D800CBCF8E /* Main.storyboard in Resources */,
				815C4A0A1BE003D800CBCF8E /* LaunchScreen.storyboard in Resources */,
			);
			runOnlyForDeploymentPostprocessing = 0;
		};
		815C49D91BE003AE00CBCF8E /* Resources */ = {
			isa = PBXResourcesBuildPhase;
			buildActionMask = 2147483647;
			files = (
			);
			runOnlyForDeploymentPostprocessing = 0;
		};
		815C49E41BE003AE00CBCF8E /* Resources */ = {
			isa = PBXResourcesBuildPhase;
			buildActionMask = 2147483647;
			files = (
			);
			runOnlyForDeploymentPostprocessing = 0;
		};
/* End PBXResourcesBuildPhase section */

/* Begin PBXShellScriptBuildPhase section */
		A3B25ED19B4533841956E56C /* Copy Pods Resources */ = {
			isa = PBXShellScriptBuildPhase;
			buildActionMask = 2147483647;
			files = (
			);
			inputPaths = (
			);
			name = "Copy Pods Resources";
			outputPaths = (
			);
			runOnlyForDeploymentPostprocessing = 0;
			shellPath = /bin/sh;
			shellScript = "\"${SRCROOT}/Pods/Target Support Files/Pods-ApiConsumer/Pods-ApiConsumer-resources.sh\"\n";
			showEnvVarsInLog = 0;
		};
		B533164A1875F016485EF1ED /* Check Pods Manifest.lock */ = {
			isa = PBXShellScriptBuildPhase;
			buildActionMask = 2147483647;
			files = (
			);
			inputPaths = (
			);
			name = "Check Pods Manifest.lock";
			outputPaths = (
			);
			runOnlyForDeploymentPostprocessing = 0;
			shellPath = /bin/sh;
			shellScript = "diff \"${PODS_ROOT}/../Podfile.lock\" \"${PODS_ROOT}/Manifest.lock\" > /dev/null\nif [[ $? != 0 ]] ; then\n    cat << EOM\nerror: The sandbox is not in sync with the Podfile.lock. Run 'pod install' or update your CocoaPods installation.\nEOM\n    exit 1\nfi\n";
			showEnvVarsInLog = 0;
		};
		D9D73E2E4E8B6CF030F3B6F2 /* Embed Pods Frameworks */ = {
			isa = PBXShellScriptBuildPhase;
			buildActionMask = 2147483647;
			files = (
			);
			inputPaths = (
			);
			name = "Embed Pods Frameworks";
			outputPaths = (
			);
			runOnlyForDeploymentPostprocessing = 0;
			shellPath = /bin/sh;
			shellScript = "\"${SRCROOT}/Pods/Target Support Files/Pods-ApiConsumer/Pods-ApiConsumer-frameworks.sh\"\n";
			showEnvVarsInLog = 0;
		};
/* End PBXShellScriptBuildPhase section */

/* Begin PBXSourcesBuildPhase section */
		815C49BE1BE003AE00CBCF8E /* Sources */ = {
			isa = PBXSourcesBuildPhase;
			buildActionMask = 2147483647;
			files = (
				815C4A101BE007CA00CBCF8E /* IndexTableViewController.m in Sources */,
				815C4A071BE003D800CBCF8E /* AppDelegate.m in Sources */,
				815C4A0D1BE003D800CBCF8E /* main.m in Sources */,
				815C4A151BE0095E00CBCF8E /* PostsTableViewCell.m in Sources */,
			);
			runOnlyForDeploymentPostprocessing = 0;
		};
		815C49D71BE003AE00CBCF8E /* Sources */ = {
			isa = PBXSourcesBuildPhase;
			buildActionMask = 2147483647;
			files = (
				815C49E01BE003AE00CBCF8E /* ApiConsumerTests.m in Sources */,
			);
			runOnlyForDeploymentPostprocessing = 0;
		};
		815C49E21BE003AE00CBCF8E /* Sources */ = {
			isa = PBXSourcesBuildPhase;
			buildActionMask = 2147483647;
			files = (
				815C49EB1BE003AE00CBCF8E /* ApiConsumerUITests.m in Sources */,
			);
			runOnlyForDeploymentPostprocessing = 0;
		};
/* End PBXSourcesBuildPhase section */

/* Begin PBXTargetDependency section */
		815C49DD1BE003AE00CBCF8E /* PBXTargetDependency */ = {
			isa = PBXTargetDependency;
			target = 815C49C11BE003AE00CBCF8E /* ApiConsumer */;
			targetProxy = 815C49DC1BE003AE00CBCF8E /* PBXContainerItemProxy */;
		};
		815C49E81BE003AE00CBCF8E /* PBXTargetDependency */ = {
			isa = PBXTargetDependency;
			target = 815C49C11BE003AE00CBCF8E /* ApiConsumer */;
			targetProxy = 815C49E71BE003AE00CBCF8E /* PBXContainerItemProxy */;
		};
/* End PBXTargetDependency section */

/* Begin PBXVariantGroup section */
		815C4A001BE003D800CBCF8E /* LaunchScreen.storyboard */ = {
			isa = PBXVariantGroup;
			children = (
				815C4A011BE003D800CBCF8E /* Base */,
			);
			name = LaunchScreen.storyboard;
			sourceTree = "<group>";
		};
		815C4A021BE003D800CBCF8E /* Main.storyboard */ = {
			isa = PBXVariantGroup;
			children = (
				815C4A031BE003D800CBCF8E /* Base */,
			);
			name = Main.storyboard;
			sourceTree = "<group>";
		};
/* End PBXVariantGroup section */

/* Begin XCBuildConfiguration section */
		815C49ED1BE003AE00CBCF8E /* Debug */ = {
			isa = XCBuildConfiguration;
			buildSettings = {
				ALWAYS_SEARCH_USER_PATHS = NO;
				CLANG_CXX_LANGUAGE_STANDARD = "gnu++0x";
				CLANG_CXX_LIBRARY = "libc++";
				CLANG_ENABLE_MODULES = YES;
				CLANG_ENABLE_OBJC_ARC = YES;
				CLANG_WARN_BOOL_CONVERSION = YES;
				CLANG_WARN_CONSTANT_CONVERSION = YES;
				CLANG_WARN_DIRECT_OBJC_ISA_USAGE = YES_ERROR;
				CLANG_WARN_EMPTY_BODY = YES;
				CLANG_WARN_ENUM_CONVERSION = YES;
				CLANG_WARN_INT_CONVERSION = YES;
				CLANG_WARN_OBJC_ROOT_CLASS = YES_ERROR;
				CLANG_WARN_UNREACHABLE_CODE = YES;
				CLANG_WARN__DUPLICATE_METHOD_MATCH = YES;
				"CODE_SIGN_IDENTITY[sdk=iphoneos*]" = "iPhone Developer";
				COPY_PHASE_STRIP = NO;
				DEBUG_INFORMATION_FORMAT = dwarf;
				ENABLE_STRICT_OBJC_MSGSEND = YES;
				ENABLE_TESTABILITY = YES;
				GCC_C_LANGUAGE_STANDARD = gnu99;
				GCC_DYNAMIC_NO_PIC = NO;
				GCC_NO_COMMON_BLOCKS = YES;
				GCC_OPTIMIZATION_LEVEL = 0;
				GCC_PREPROCESSOR_DEFINITIONS = (
					"DEBUG=1",
					"$(inherited)",
				);
				GCC_WARN_64_TO_32_BIT_CONVERSION = YES;
				GCC_WARN_ABOUT_RETURN_TYPE = YES_ERROR;
				GCC_WARN_UNDECLARED_SELECTOR = YES;
				GCC_WARN_UNINITIALIZED_AUTOS = YES_AGGRESSIVE;
				GCC_WARN_UNUSED_FUNCTION = YES;
				GCC_WARN_UNUSED_VARIABLE = YES;
				IPHONEOS_DEPLOYMENT_TARGET = 9.1;
				MTL_ENABLE_DEBUG_INFO = YES;
				ONLY_ACTIVE_ARCH = YES;
				SDKROOT = iphoneos;
				TARGETED_DEVICE_FAMILY = "1,2";
			};
			name = Debug;
		};
		815C49EE1BE003AE00CBCF8E /* Release */ = {
			isa = XCBuildConfiguration;
			buildSettings = {
				ALWAYS_SEARCH_USER_PATHS = NO;
				CLANG_CXX_LANGUAGE_STANDARD = "gnu++0x";
				CLANG_CXX_LIBRARY = "libc++";
				CLANG_ENABLE_MODULES = YES;
				CLANG_ENABLE_OBJC_ARC = YES;
				CLANG_WARN_BOOL_CONVERSION = YES;
				CLANG_WARN_CONSTANT_CONVERSION = YES;
				CLANG_WARN_DIRECT_OBJC_ISA_USAGE = YES_ERROR;
				CLANG_WARN_EMPTY_BODY = YES;
				CLANG_WARN_ENUM_CONVERSION = YES;
				CLANG_WARN_INT_CONVERSION = YES;
				CLANG_WARN_OBJC_ROOT_CLASS = YES_ERROR;
				CLANG_WARN_UNREACHABLE_CODE = YES;
				CLANG_WARN__DUPLICATE_METHOD_MATCH = YES;
				"CODE_SIGN_IDENTITY[sdk=iphoneos*]" = "iPhone Developer";
				COPY_PHASE_STRIP = NO;
				DEBUG_INFORMATION_FORMAT = "dwarf-with-dsym";
				ENABLE_NS_ASSERTIONS = NO;
				ENABLE_STRICT_OBJC_MSGSEND = YES;
				GCC_C_LANGUAGE_STANDARD = gnu99;
				GCC_NO_COMMON_BLOCKS = YES;
				GCC_WARN_64_TO_32_BIT_CONVERSION = YES;
				GCC_WARN_ABOUT_RETURN_TYPE = YES_ERROR;
				GCC_WARN_UNDECLARED_SELECTOR = YES;
				GCC_WARN_UNINITIALIZED_AUTOS = YES_AGGRESSIVE;
				GCC_WARN_UNUSED_FUNCTION = YES;
				GCC_WARN_UNUSED_VARIABLE = YES;
				IPHONEOS_DEPLOYMENT_TARGET = 9.1;
				MTL_ENABLE_DEBUG_INFO = NO;
				SDKROOT = iphoneos;
				TARGETED_DEVICE_FAMILY = "1,2";
				VALIDATE_PRODUCT = YES;
			};
			name = Release;
		};
		815C49F01BE003AE00CBCF8E /* Debug */ = {
			isa = XCBuildConfiguration;
			baseConfigurationReference = 011286434CBABC35EEC892A9 /* Pods-ApiConsumer.debug.xcconfig */;
			buildSettings = {
				ASSETCATALOG_COMPILER_APPICON_NAME = AppIcon;
				INFOPLIST_FILE = "$(SRCROOT)/ApiConsumer/Supporting Files/Info.plist";
				LD_RUNPATH_SEARCH_PATHS = "$(inherited) @executable_path/Frameworks";
				PRODUCT_BUNDLE_IDENTIFIER = squiter.ApiConsumer;
				PRODUCT_NAME = "$(TARGET_NAME)";
			};
			name = Debug;
		};
		815C49F11BE003AE00CBCF8E /* Release */ = {
			isa = XCBuildConfiguration;
			baseConfigurationReference = A6E2E3E04E557CB0CA27F6A9 /* Pods-ApiConsumer.release.xcconfig */;
			buildSettings = {
				ASSETCATALOG_COMPILER_APPICON_NAME = AppIcon;
				INFOPLIST_FILE = "$(SRCROOT)/ApiConsumer/Supporting Files/Info.plist";
				LD_RUNPATH_SEARCH_PATHS = "$(inherited) @executable_path/Frameworks";
				PRODUCT_BUNDLE_IDENTIFIER = squiter.ApiConsumer;
				PRODUCT_NAME = "$(TARGET_NAME)";
			};
			name = Release;
		};
		815C49F31BE003AE00CBCF8E /* Debug */ = {
			isa = XCBuildConfiguration;
			buildSettings = {
				BUNDLE_LOADER = "$(TEST_HOST)";
				INFOPLIST_FILE = ApiConsumerTests/Info.plist;
				LD_RUNPATH_SEARCH_PATHS = "$(inherited) @executable_path/Frameworks @loader_path/Frameworks";
				PRODUCT_BUNDLE_IDENTIFIER = squiter.ApiConsumerTests;
				PRODUCT_NAME = "$(TARGET_NAME)";
				TEST_HOST = "$(BUILT_PRODUCTS_DIR)/ApiConsumer.app/ApiConsumer";
			};
			name = Debug;
		};
		815C49F41BE003AE00CBCF8E /* Release */ = {
			isa = XCBuildConfiguration;
			buildSettings = {
				BUNDLE_LOADER = "$(TEST_HOST)";
				INFOPLIST_FILE = ApiConsumerTests/Info.plist;
				LD_RUNPATH_SEARCH_PATHS = "$(inherited) @executable_path/Frameworks @loader_path/Frameworks";
				PRODUCT_BUNDLE_IDENTIFIER = squiter.ApiConsumerTests;
				PRODUCT_NAME = "$(TARGET_NAME)";
				TEST_HOST = "$(BUILT_PRODUCTS_DIR)/ApiConsumer.app/ApiConsumer";
			};
			name = Release;
		};
		815C49F61BE003AE00CBCF8E /* Debug */ = {
			isa = XCBuildConfiguration;
			buildSettings = {
				INFOPLIST_FILE = ApiConsumerUITests/Info.plist;
				LD_RUNPATH_SEARCH_PATHS = "$(inherited) @executable_path/Frameworks @loader_path/Frameworks";
				PRODUCT_BUNDLE_IDENTIFIER = squiter.ApiConsumerUITests;
				PRODUCT_NAME = "$(TARGET_NAME)";
				TEST_TARGET_NAME = ApiConsumer;
				USES_XCTRUNNER = YES;
			};
			name = Debug;
		};
		815C49F71BE003AE00CBCF8E /* Release */ = {
			isa = XCBuildConfiguration;
			buildSettings = {
				INFOPLIST_FILE = ApiConsumerUITests/Info.plist;
				LD_RUNPATH_SEARCH_PATHS = "$(inherited) @executable_path/Frameworks @loader_path/Frameworks";
				PRODUCT_BUNDLE_IDENTIFIER = squiter.ApiConsumerUITests;
				PRODUCT_NAME = "$(TARGET_NAME)";
				TEST_TARGET_NAME = ApiConsumer;
				USES_XCTRUNNER = YES;
			};
			name = Release;
		};
/* End XCBuildConfiguration section */

/* Begin XCConfigurationList section */
		815C49BD1BE003AE00CBCF8E /* Build configuration list for PBXProject "ApiConsumer" */ = {
			isa = XCConfigurationList;
			buildConfigurations = (
				815C49ED1BE003AE00CBCF8E /* Debug */,
				815C49EE1BE003AE00CBCF8E /* Release */,
			);
			defaultConfigurationIsVisible = 0;
			defaultConfigurationName = Release;
		};
		815C49EF1BE003AE00CBCF8E /* Build configuration list for PBXNativeTarget "ApiConsumer" */ = {
			isa = XCConfigurationList;
			buildConfigurations = (
				815C49F01BE003AE00CBCF8E /* Debug */,
				815C49F11BE003AE00CBCF8E /* Release */,
			);
			defaultConfigurationIsVisible = 0;
			defaultConfigurationName = Release;
		};
		815C49F21BE003AE00CBCF8E /* Build configuration list for PBXNativeTarget "ApiConsumerTests" */ = {
			isa = XCConfigurationList;
			buildConfigurations = (
				815C49F31BE003AE00CBCF8E /* Debug */,
				815C49F41BE003AE00CBCF8E /* Release */,
			);
			defaultConfigurationIsVisible = 0;
			defaultConfigurationName = Release;
		};
		815C49F51BE003AE00CBCF8E /* Build configuration list for PBXNativeTarget "ApiConsumerUITests" */ = {
			isa = XCConfigurationList;
			buildConfigurations = (
				815C49F61BE003AE00CBCF8E /* Debug */,
				815C49F71BE003AE00CBCF8E /* Release */,
			);
			defaultConfigurationIsVisible = 0;
			defaultConfigurationName = Release;
		};
/* End XCConfigurationList section */
	};
	rootObject = 815C49BA1BE003AE00CBCF8E /* Project object */;
}
